
Microsoft Visual Studio Solution File, Format Version 12.00
# Visual Studio Version 16
VisualStudioVersion = 16.0.31410.357
MinimumVisualStudioVersion = 10.0.40219.1
Project("{9A19103F-16F7-4668-BE54-9A1E7A4F7556}") = "Blizzless", "DiIiS-NA\Blizzless.csproj", "{535AC91E-54D1-4044-B4A5-B78AE1570EE3}"
EndProject
Project("{9A19103F-16F7-4668-BE54-9A1E7A4F7556}") = "BZNET", "DiIiSNet\BZNET.csproj", "{73D9E87F-1F75-4D94-A47B-29354B9BCF13}"
EndProject
Global
	GlobalSection(SolutionConfigurationPlatforms) = preSolution
		Debug|Any CPU = Debug|Any CPU
		github|Any CPU = github|Any CPU
		Release|Any CPU = Release|Any CPU
	EndGlobalSection
	GlobalSection(ProjectConfigurationPlatforms) = postSolution
		{535AC91E-54D1-4044-B4A5-B78AE1570EE3}.Debug|Any CPU.ActiveCfg = Debug|Any CPU
		{535AC91E-54D1-4044-B4A5-B78AE1570EE3}.Debug|Any CPU.Build.0 = Debug|Any CPU
		{535AC91E-54D1-4044-B4A5-B78AE1570EE3}.github|Any CPU.ActiveCfg = github|Any CPU
		{535AC91E-54D1-4044-B4A5-B78AE1570EE3}.github|Any CPU.Build.0 = github|Any CPU
		{535AC91E-54D1-4044-B4A5-B78AE1570EE3}.Release|Any CPU.ActiveCfg = Release|Any CPU
		{535AC91E-54D1-4044-B4A5-B78AE1570EE3}.Release|Any CPU.Build.0 = Release|Any CPU
		{73D9E87F-1F75-4D94-A47B-29354B9BCF13}.Debug|Any CPU.ActiveCfg = Debug|Any CPU
		{73D9E87F-1F75-4D94-A47B-29354B9BCF13}.Debug|Any CPU.Build.0 = Debug|Any CPU
		{73D9E87F-1F75-4D94-A47B-29354B9BCF13}.github|Any CPU.ActiveCfg = github|Any CPU
		{73D9E87F-1F75-4D94-A47B-29354B9BCF13}.github|Any CPU.Build.0 = github|Any CPU
		{73D9E87F-1F75-4D94-A47B-29354B9BCF13}.Release|Any CPU.ActiveCfg = Release|Any CPU
		{73D9E87F-1F75-4D94-A47B-29354B9BCF13}.Release|Any CPU.Build.0 = Release|Any CPU
	EndGlobalSection
	GlobalSection(SolutionProperties) = preSolution
		HideSolutionNode = FALSE
	EndGlobalSection
	GlobalSection(ExtensibilityGlobals) = postSolution
		SolutionGuid = {20C6ADD1-DDE9-4A25-8C51-B27C47164D5B}
	EndGlobalSection
EndGlobal
